
Microsoft Visual Studio Solution File, Format Version 12.00
# Visual Studio Version 17
VisualStudioVersion = 17.9.34723.18
MinimumVisualStudioVersion = 10.0.40219.1
Project("{FAE04EC0-301F-11D3-BF4B-00C04F79EFBC}") = "Queues_Null_Asher", "Queues_Null_Asher.csproj", "{BA515ABC-9E3C-4FA9-B645-E979BCFC867F}"
EndProject
Global
	GlobalSection(SolutionConfigurationPlatforms) = preSolution
		Debug|Any CPU = Debug|Any CPU
		Release|Any CPU = Release|Any CPU
	EndGlobalSection
	GlobalSection(ProjectConfigurationPlatforms) = postSolution
		{BA515ABC-9E3C-4FA9-B645-E979BCFC867F}.Debug|Any CPU.ActiveCfg = Debug|Any CPU
		{BA515ABC-9E3C-4FA9-B645-E979BCFC867F}.Debug|Any CPU.Build.0 = Debug|Any CPU
		{BA515ABC-9E3C-4FA9-B645-E979BCFC867F}.Release|Any CPU.ActiveCfg = Release|Any CPU
		{BA515ABC-9E3C-4FA9-B645-E979BCFC867F}.Release|Any CPU.Build.0 = Release|Any CPU
	EndGlobalSection
	GlobalSection(SolutionProperties) = preSolution
		HideSolutionNode = FALSE
	EndGlobalSection
	GlobalSection(ExtensibilityGlobals) = postSolution
		SolutionGuid = {597CC2B9-96D7-4E9D-83D1-CA04D9516A4C}
	EndGlobalSection
EndGlobal
